// !$*UTF8*$!
{
	archiveVersion = 1;
	classes = {
	};
	objectVersion = 77;
	objects = {

/* Begin PBXBuildFile section */
		CC1F3DDB2E58080700FC027A /* PersistentAlarm.swift in Sources */ = {isa = PBXBuildFile; fileRef = CC1F3DD92E58080700FC027A /* PersistentAlarm.swift */; };
		CC1F3DDC2E58080700FC027A /* Todo.swift in Sources */ = {isa = PBXBuildFile; fileRef = CC1F3DDA2E58080700FC027A /* Todo.swift */; };
		CC1F3DDE2E58086300FC027A /* DashboardViewModel.swift in Sources */ = {isa = PBXBuildFile; fileRef = CC1F3DDD2E58086300FC027A /* DashboardViewModel.swift */; };
		CC1F3DE22E58094F00FC027A /* GoogleCalendarSelectionView.swift in Sources */ = {isa = PBXBuildFile; fileRef = CC1F3DE12E58094F00FC027A /* GoogleCalendarSelectionView.swift */; };
		CC1F3DE32E58094F00FC027A /* DashboardView.swift in Sources */ = {isa = PBXBuildFile; fileRef = CC1F3DDF2E58094F00FC027A /* DashboardView.swift */; };
		CC1F3DE42E58094F00FC027A /* EventImportView.swift in Sources */ = {isa = PBXBuildFile; fileRef = CC1F3DE02E58094F00FC027A /* EventImportView.swift */; };
		CC1F3DE62E5809A900FC027A /* GoogleCalendarEvent.swift in Sources */ = {isa = PBXBuildFile; fileRef = CC1F3DE52E5809A900FC027A /* GoogleCalendarEvent.swift */; };
		CC1F3DF02E5809FA00FC027A /* GoogleCalendarService.swift in Sources */ = {isa = PBXBuildFile; fileRef = CC1F3DEF2E5809FA00FC027A /* GoogleCalendarService.swift */; };
		CC1F3DF22E580A1400FC027A /* GoogleCalendarConfig.swift in Sources */ = {isa = PBXBuildFile; fileRef = CC1F3DF12E580A1400FC027A /* GoogleCalendarConfig.swift */; };
		CC1F3DF62E580A4F00FC027A /* ContentView.swift in Sources */ = {isa = PBXBuildFile; fileRef = CC1F3DF32E580A4F00FC027A /* ContentView.swift */; };
		CC1F3DF92E580BC700FC027A /* GoogleSignIn in Frameworks */ = {isa = PBXBuildFile; productRef = CC1F3DF82E580BC700FC027A /* GoogleSignIn */; };
		CC1F3DFB2E580BC700FC027A /* GoogleSignInSwift in Frameworks */ = {isa = PBXBuildFile; productRef = CC1F3DFA2E580BC700FC027A /* GoogleSignInSwift */; };
		CC5D15642E596D52007168FF /* GoogleAPIClientForRESTCore in Frameworks */ = {isa = PBXBuildFile; productRef = CC5D15632E596D52007168FF /* GoogleAPIClientForRESTCore */; };
		CC5D15662E596D52007168FF /* GoogleAPIClientForREST_ACMEDNS in Frameworks */ = {isa = PBXBuildFile; productRef = CC5D15652E596D52007168FF /* GoogleAPIClientForREST_ACMEDNS */; };
		CC5D15682E596D52007168FF /* GoogleAPIClientForREST_AIPlatformNotebooks in Frameworks */ = {isa = PBXBuildFile; productRef = CC5D15672E596D52007168FF /* GoogleAPIClientForREST_AIPlatformNotebooks */; };
		CC5D156A2E596D52007168FF /* GoogleAPIClientForREST_APIGateway in Frameworks */ = {isa = PBXBuildFile; productRef = CC5D15692E596D52007168FF /* GoogleAPIClientForREST_APIGateway */; };
		CC5D156C2E596D52007168FF /* GoogleAPIClientForREST_APIManagement in Frameworks */ = {isa = PBXBuildFile; productRef = CC5D156B2E596D52007168FF /* GoogleAPIClientForREST_APIManagement */; };
		CC5D156E2E596D52007168FF /* GoogleAPIClientForREST_APIhub in Frameworks */ = {isa = PBXBuildFile; productRef = CC5D156D2E596D52007168FF /* GoogleAPIClientForREST_APIhub */; };
		CC5D15702E596D52007168FF /* GoogleAPIClientForREST_AbusiveExperienceReport in Frameworks */ = {isa = PBXBuildFile; productRef = CC5D156F2E596D52007168FF /* GoogleAPIClientForREST_AbusiveExperienceReport */; };
		CC5D15722E596D52007168FF /* GoogleAPIClientForREST_Acceleratedmobilepageurl in Frameworks */ = {isa = PBXBuildFile; productRef = CC5D15712E596D52007168FF /* GoogleAPIClientForREST_Acceleratedmobilepageurl */; };
		CC5D15742E596D52007168FF /* GoogleAPIClientForREST_AccessApproval in Frameworks */ = {isa = PBXBuildFile; productRef = CC5D15732E596D52007168FF /* GoogleAPIClientForREST_AccessApproval */; };
		CC5D15762E596D52007168FF /* GoogleAPIClientForREST_Calendar in Frameworks */ = {isa = PBXBuildFile; productRef = CC5D15752E596D52007168FF /* GoogleAPIClientForREST_Calendar */; };
		CC86DFE02E6600A000196CE2 /* CalendarEvent.swift in Sources */ = {isa = PBXBuildFile; fileRef = CC86DFDF2E6600A000196CE2 /* CalendarEvent.swift */; };
		CC9440C02E63905500D64DEF /* PastelTheme.swift in Sources */ = {isa = PBXBuildFile; fileRef = CC9440BF2E63905500D64DEF /* PastelTheme.swift */; };
		CCF29A4D2E5AAF870036BABD /* CalendarView.swift in Sources */ = {isa = PBXBuildFile; fileRef = CCF29A4C2E5AAF870036BABD /* CalendarView.swift */; };
		CCF29A512E5AB63D0036BABD /* Never_ForgetApp.swift in Sources */ = {isa = PBXBuildFile; fileRef = CCF29A502E5AB63D0036BABD /* Never_ForgetApp.swift */; };
		CCF29A522E5AB63D0036BABD /* CreateEventView.swift in Sources */ = {isa = PBXBuildFile; fileRef = CCF29A532E5AB63D0036BABD /* CreateEventView.swift */; };
		CCF29A542E5AB63D0036BABD /* CreateTodoView.swift in Sources */ = {isa = PBXBuildFile; fileRef = CCF29A552E5AB63D0036BABD /* CreateTodoView.swift */; };
		CCF29A562E5AB63D0036BABD /* EventDetailView.swift in Sources */ = {isa = PBXBuildFile; fileRef = CCF29A572E5AB63D0036BABD /* EventDetailView.swift */; };
/* End PBXBuildFile section */

/* Begin PBXContainerItemProxy section */
		CC1F3DBD2E58076500FC027A /* PBXContainerItemProxy */ = {
			isa = PBXContainerItemProxy;
			containerPortal = CC1F3DA72E58076400FC027A /* Project object */;
			proxyType = 1;
			remoteGlobalIDString = CC1F3DAE2E58076400FC027A;
			remoteInfo = "Never Forget";
		};
		CC1F3DC72E58076500FC027A /* PBXContainerItemProxy */ = {
			isa = PBXContainerItemProxy;
			containerPortal = CC1F3DA72E58076400FC027A /* Project object */;
			proxyType = 1;
			remoteGlobalIDString = CC1F3DAE2E58076400FC027A;
			remoteInfo = "Never Forget";
		};
/* End PBXContainerItemProxy section */

/* Begin PBXFileReference section */
		CC1F3DAF2E58076400FC027A /* Never Forget.app */ = {isa = PBXFileReference; explicitFileType = wrapper.application; includeInIndex = 0; path = "Never Forget.app"; sourceTree = BUILT_PRODUCTS_DIR; };
		CC1F3DBC2E58076500FC027A /* Never ForgetTests.xctest */ = {isa = PBXFileReference; explicitFileType = wrapper.cfbundle; includeInIndex = 0; path = "Never ForgetTests.xctest"; sourceTree = BUILT_PRODUCTS_DIR; };
		CC1F3DC62E58076500FC027A /* Never ForgetUITests.xctest */ = {isa = PBXFileReference; explicitFileType = wrapper.cfbundle; includeInIndex = 0; path = "Never ForgetUITests.xctest"; sourceTree = BUILT_PRODUCTS_DIR; };
		CC1F3DD92E58080700FC027A /* PersistentAlarm.swift */ = {isa = PBXFileReference; lastKnownFileType = sourcecode.swift; path = PersistentAlarm.swift; sourceTree = "<group>"; };
		CC1F3DDA2E58080700FC027A /* Todo.swift */ = {isa = PBXFileReference; lastKnownFileType = sourcecode.swift; path = Todo.swift; sourceTree = "<group>"; };
		CC1F3DDD2E58086300FC027A /* DashboardViewModel.swift */ = {isa = PBXFileReference; lastKnownFileType = sourcecode.swift; path = DashboardViewModel.swift; sourceTree = "<group>"; };
		CC1F3DDF2E58094F00FC027A /* DashboardView.swift */ = {isa = PBXFileReference; lastKnownFileType = sourcecode.swift; path = DashboardView.swift; sourceTree = "<group>"; };
		CC1F3DE02E58094F00FC027A /* EventImportView.swift */ = {isa = PBXFileReference; lastKnownFileType = sourcecode.swift; path = EventImportView.swift; sourceTree = "<group>"; };
		CC1F3DE12E58094F00FC027A /* GoogleCalendarSelectionView.swift */ = {isa = PBXFileReference; lastKnownFileType = sourcecode.swift; path = GoogleCalendarSelectionView.swift; sourceTree = "<group>"; };
		CC1F3DE52E5809A900FC027A /* GoogleCalendarEvent.swift */ = {isa = PBXFileReference; lastKnownFileType = sourcecode.swift; path = GoogleCalendarEvent.swift; sourceTree = "<group>"; };
		CC1F3DEF2E5809FA00FC027A /* GoogleCalendarService.swift */ = {isa = PBXFileReference; lastKnownFileType = sourcecode.swift; path = GoogleCalendarService.swift; sourceTree = "<group>"; };
		CC1F3DF12E580A1400FC027A /* GoogleCalendarConfig.swift */ = {isa = PBXFileReference; lastKnownFileType = sourcecode.swift; path = GoogleCalendarConfig.swift; sourceTree = "<group>"; };
		CC1F3DF32E580A4F00FC027A /* ContentView.swift */ = {isa = PBXFileReference; lastKnownFileType = sourcecode.swift; path = ContentView.swift; sourceTree = "<group>"; };
		CC6F0B022E5983F4009CE3CF /* Info.plist */ = {isa = PBXFileReference; lastKnownFileType = text.plist.xml; path = Info.plist; sourceTree = "<group>"; };
		CC86DFDF2E6600A000196CE2 /* CalendarEvent.swift */ = {isa = PBXFileReference; lastKnownFileType = sourcecode.swift; path = CalendarEvent.swift; sourceTree = "<group>"; };
		CC9440BF2E63905500D64DEF /* PastelTheme.swift */ = {isa = PBXFileReference; lastKnownFileType = sourcecode.swift; path = PastelTheme.swift; sourceTree = "<group>"; };
		CCF29A4C2E5AAF870036BABD /* CalendarView.swift */ = {isa = PBXFileReference; lastKnownFileType = sourcecode.swift; path = CalendarView.swift; sourceTree = "<group>"; };
		CCF29A502E5AB63D0036BABD /* Never_ForgetApp.swift */ = {isa = PBXFileReference; lastKnownFileType = sourcecode.swift; path = Never_ForgetApp.swift; sourceTree = "<group>"; };
		CCF29A532E5AB63D0036BABD /* CreateEventView.swift */ = {isa = PBXFileReference; lastKnownFileType = sourcecode.swift; path = CreateEventView.swift; sourceTree = "<group>"; };
		CCF29A552E5AB63D0036BABD /* CreateTodoView.swift */ = {isa = PBXFileReference; lastKnownFileType = sourcecode.swift; path = CreateTodoView.swift; sourceTree = "<group>"; };
		CCF29A572E5AB63D0036BABD /* EventDetailView.swift */ = {isa = PBXFileReference; lastKnownFileType = sourcecode.swift; path = EventDetailView.swift; sourceTree = "<group>"; };
/* End PBXFileReference section */

/* Begin PBXFileSystemSynchronizedRootGroup section */
		CC1F3DB12E58076400FC027A /* Never Forget */ = {
			isa = PBXFileSystemSynchronizedRootGroup;
			path = "Never Forget";
			sourceTree = "<group>";
		};
		CC1F3DBF2E58076500FC027A /* Never ForgetTests */ = {
			isa = PBXFileSystemSynchronizedRootGroup;
			path = "Never ForgetTests";
			sourceTree = "<group>";
		};
		CC1F3DC92E58076500FC027A /* Never ForgetUITests */ = {
			isa = PBXFileSystemSynchronizedRootGroup;
			path = "Never ForgetUITests";
			sourceTree = "<group>";
		};
/* End PBXFileSystemSynchronizedRootGroup section */

/* Begin PBXFrameworksBuildPhase section */
		CC1F3DAC2E58076400FC027A /* Frameworks */ = {
			isa = PBXFrameworksBuildPhase;
			buildActionMask = 2147483647;
			files = (
				CC5D156E2E596D52007168FF /* GoogleAPIClientForREST_APIhub in Frameworks */,
				CC5D15702E596D52007168FF /* GoogleAPIClientForREST_AbusiveExperienceReport in Frameworks */,
				CC1F3DF92E580BC700FC027A /* GoogleSignIn in Frameworks */,
				CC5D156C2E596D52007168FF /* GoogleAPIClientForREST_APIManagement in Frameworks */,
				CC5D156A2E596D52007168FF /* GoogleAPIClientForREST_APIGateway in Frameworks */,
				CC5D15642E596D52007168FF /* GoogleAPIClientForRESTCore in Frameworks */,
				CC5D15682E596D52007168FF /* GoogleAPIClientForREST_AIPlatformNotebooks in Frameworks */,
				CC5D15762E596D52007168FF /* GoogleAPIClientForREST_Calendar in Frameworks */,
				CC5D15742E596D52007168FF /* GoogleAPIClientForREST_AccessApproval in Frameworks */,
				CC1F3DFB2E580BC700FC027A /* GoogleSignInSwift in Frameworks */,
				CC5D15722E596D52007168FF /* GoogleAPIClientForREST_Acceleratedmobilepageurl in Frameworks */,
				CC5D15662E596D52007168FF /* GoogleAPIClientForREST_ACMEDNS in Frameworks */,
			);
			runOnlyForDeploymentPostprocessing = 0;
		};
		CC1F3DB92E58076500FC027A /* Frameworks */ = {
			isa = PBXFrameworksBuildPhase;
			buildActionMask = 2147483647;
			files = (
			);
			runOnlyForDeploymentPostprocessing = 0;
		};
		CC1F3DC32E58076500FC027A /* Frameworks */ = {
			isa = PBXFrameworksBuildPhase;
			buildActionMask = 2147483647;
			files = (
			);
			runOnlyForDeploymentPostprocessing = 0;
		};
/* End PBXFrameworksBuildPhase section */

/* Begin PBXGroup section */
		CC1F3DA62E58076400FC027A = {
			isa = PBXGroup;
			children = (
				CC6F0B022E5983F4009CE3CF /* Info.plist */,
				CC86DFDF2E6600A000196CE2 /* CalendarEvent.swift */,
				CCF29A502E5AB63D0036BABD /* Never_ForgetApp.swift */,
				CCF29A532E5AB63D0036BABD /* CreateEventView.swift */,
				CCF29A552E5AB63D0036BABD /* CreateTodoView.swift */,
				CCF29A572E5AB63D0036BABD /* EventDetailView.swift */,
				CCF29A4C2E5AAF870036BABD /* CalendarView.swift */,
				CC1F3DDD2E58086300FC027A /* DashboardViewModel.swift */,
				CC1F3DDF2E58094F00FC027A /* DashboardView.swift */,
				CC1F3DE02E58094F00FC027A /* EventImportView.swift */,
				CC1F3DE12E58094F00FC027A /* GoogleCalendarSelectionView.swift */,
				CC9440BF2E63905500D64DEF /* PastelTheme.swift */,
				CC1F3DD92E58080700FC027A /* PersistentAlarm.swift */,
				CC1F3DDA2E58080700FC027A /* Todo.swift */,
				CC1F3DB12E58076400FC027A /* Never Forget */,
				CC1F3DBF2E58076500FC027A /* Never ForgetTests */,
				CC1F3DC92E58076500FC027A /* Never ForgetUITests */,
				CC1F3DB02E58076400FC027A /* Products */,
				CC1F3DE52E5809A900FC027A /* GoogleCalendarEvent.swift */,
				CC1F3DEF2E5809FA00FC027A /* GoogleCalendarService.swift */,
				CC1F3DF12E580A1400FC027A /* GoogleCalendarConfig.swift */,
				CC1F3DF32E580A4F00FC027A /* ContentView.swift */,
			);
			sourceTree = "<group>";
		};
		CC1F3DB02E58076400FC027A /* Products */ = {
			isa = PBXGroup;
			children = (
				CC1F3DAF2E58076400FC027A /* Never Forget.app */,
				CC1F3DBC2E58076500FC027A /* Never ForgetTests.xctest */,
				CC1F3DC62E58076500FC027A /* Never ForgetUITests.xctest */,
			);
			name = Products;
			sourceTree = "<group>";
		};
/* End PBXGroup section */

/* Begin PBXNativeTarget section */
		CC1F3DAE2E58076400FC027A /* Never Forget */ = {
			isa = PBXNativeTarget;
			buildConfigurationList = CC1F3DD02E58076500FC027A /* Build configuration list for PBXNativeTarget "Never Forget" */;
			buildPhases = (
				CC1F3DAB2E58076400FC027A /* Sources */,
				CC1F3DAC2E58076400FC027A /* Frameworks */,
				CC1F3DAD2E58076400FC027A /* Resources */,
			);
			buildRules = (
			);
			dependencies = (
			);
			fileSystemSynchronizedGroups = (
				CC1F3DB12E58076400FC027A /* Never Forget */,
			);
			name = "Never Forget";
			packageProductDependencies = (
				CC1F3DF82E580BC700FC027A /* GoogleSignIn */,
				CC1F3DFA2E580BC700FC027A /* GoogleSignInSwift */,
				CC5D15632E596D52007168FF /* GoogleAPIClientForRESTCore */,
				CC5D15652E596D52007168FF /* GoogleAPIClientForREST_ACMEDNS */,
				CC5D15672E596D52007168FF /* GoogleAPIClientForREST_AIPlatformNotebooks */,
				CC5D15692E596D52007168FF /* GoogleAPIClientForREST_APIGateway */,
				CC5D156B2E596D52007168FF /* GoogleAPIClientForREST_APIManagement */,
				CC5D156D2E596D52007168FF /* GoogleAPIClientForREST_APIhub */,
				CC5D156F2E596D52007168FF /* GoogleAPIClientForREST_AbusiveExperienceReport */,
				CC5D15712E596D52007168FF /* GoogleAPIClientForREST_Acceleratedmobilepageurl */,
				CC5D15732E596D52007168FF /* GoogleAPIClientForREST_AccessApproval */,
				CC5D15752E596D52007168FF /* GoogleAPIClientForREST_Calendar */,
			);
			productName = "Never Forget";
			productReference = CC1F3DAF2E58076400FC027A /* Never Forget.app */;
			productType = "com.apple.product-type.application";
		};
		CC1F3DBB2E58076500FC027A /* Never ForgetTests */ = {
			isa = PBXNativeTarget;
			buildConfigurationList = CC1F3DD32E58076500FC027A /* Build configuration list for PBXNativeTarget "Never ForgetTests" */;
			buildPhases = (
				CC1F3DB82E58076500FC027A /* Sources */,
				CC1F3DB92E58076500FC027A /* Frameworks */,
				CC1F3DBA2E58076500FC027A /* Resources */,
			);
			buildRules = (
			);
			dependencies = (
				CC1F3DBE2E58076500FC027A /* PBXTargetDependency */,
			);
			fileSystemSynchronizedGroups = (
				CC1F3DBF2E58076500FC027A /* Never ForgetTests */,
			);
			name = "Never ForgetTests";
			packageProductDependencies = (
			);
			productName = "Never ForgetTests";
			productReference = CC1F3DBC2E58076500FC027A /* Never ForgetTests.xctest */;
			productType = "com.apple.product-type.bundle.unit-test";
		};
		CC1F3DC52E58076500FC027A /* Never ForgetUITests */ = {
			isa = PBXNativeTarget;
			buildConfigurationList = CC1F3DD62E58076500FC027A /* Build configuration list for PBXNativeTarget "Never ForgetUITests" */;
			buildPhases = (
				CC1F3DC22E58076500FC027A /* Sources */,
				CC1F3DC32E58076500FC027A /* Frameworks */,
				CC1F3DC42E58076500FC027A /* Resources */,
			);
			buildRules = (
			);
			dependencies = (
				CC1F3DC82E58076500FC027A /* PBXTargetDependency */,
			);
			fileSystemSynchronizedGroups = (
				CC1F3DC92E58076500FC027A /* Never ForgetUITests */,
			);
			name = "Never ForgetUITests";
			packageProductDependencies = (
			);
			productName = "Never ForgetUITests";
			productReference = CC1F3DC62E58076500FC027A /* Never ForgetUITests.xctest */;
			productType = "com.apple.product-type.bundle.ui-testing";
		};
/* End PBXNativeTarget section */

/* Begin PBXProject section */
		CC1F3DA72E58076400FC027A /* Project object */ = {
			isa = PBXProject;
			attributes = {
				BuildIndependentTargetsInParallel = 1;
				LastSwiftUpdateCheck = 1640;
				LastUpgradeCheck = 1640;
				TargetAttributes = {
					CC1F3DAE2E58076400FC027A = {
						CreatedOnToolsVersion = 16.4;
						LastSwiftMigration = 1640;
					};
					CC1F3DBB2E58076500FC027A = {
						CreatedOnToolsVersion = 16.4;
						TestTargetID = CC1F3DAE2E58076400FC027A;
					};
					CC1F3DC52E58076500FC027A = {
						CreatedOnToolsVersion = 16.4;
						TestTargetID = CC1F3DAE2E58076400FC027A;
					};
				};
			};
			buildConfigurationList = CC1F3DAA2E58076400FC027A /* Build configuration list for PBXProject "Never Forget" */;
			developmentRegion = en;
			hasScannedForEncodings = 0;
			knownRegions = (
				en,
				Base,
			);
			mainGroup = CC1F3DA62E58076400FC027A;
			minimizedProjectReferenceProxies = 1;
			packageReferences = (
				CC1F3DF72E580BC700FC027A /* XCRemoteSwiftPackageReference "GoogleSignIn-iOS" */,
				CC5D15622E596D52007168FF /* XCRemoteSwiftPackageReference "google-api-objectivec-client-for-rest" */,
			);
			preferredProjectObjectVersion = 77;
			productRefGroup = CC1F3DB02E58076400FC027A /* Products */;
			projectDirPath = "";
			projectRoot = "";
			targets = (
				CC1F3DAE2E58076400FC027A /* Never Forget */,
				CC1F3DBB2E58076500FC027A /* Never ForgetTests */,
				CC1F3DC52E58076500FC027A /* Never ForgetUITests */,
			);
		};
/* End PBXProject section */

/* Begin PBXResourcesBuildPhase section */
		CC1F3DAD2E58076400FC027A /* Resources */ = {
			isa = PBXResourcesBuildPhase;
			buildActionMask = 2147483647;
			files = (
			);
			runOnlyForDeploymentPostprocessing = 0;
		};
		CC1F3DBA2E58076500FC027A /* Resources */ = {
			isa = PBXResourcesBuildPhase;
			buildActionMask = 2147483647;
			files = (
			);
			runOnlyForDeploymentPostprocessing = 0;
		};
		CC1F3DC42E58076500FC027A /* Resources */ = {
			isa = PBXResourcesBuildPhase;
			buildActionMask = 2147483647;
			files = (
			);
			runOnlyForDeploymentPostprocessing = 0;
		};
/* End PBXResourcesBuildPhase section */

/* Begin PBXSourcesBuildPhase section */
		CC1F3DAB2E58076400FC027A /* Sources */ = {
			isa = PBXSourcesBuildPhase;
			buildActionMask = 2147483647;
			files = (
				CC1F3DDE2E58086300FC027A /* DashboardViewModel.swift in Sources */,
				CC1F3DE22E58094F00FC027A /* GoogleCalendarSelectionView.swift in Sources */,
				CCF29A4D2E5AAF870036BABD /* CalendarView.swift in Sources */,
				CC1F3DE32E58094F00FC027A /* DashboardView.swift in Sources */,
				CC1F3DE42E58094F00FC027A /* EventImportView.swift in Sources */,
				CC1F3DDB2E58080700FC027A /* PersistentAlarm.swift in Sources */,
				CC86DFE02E6600A000196CE2 /* CalendarEvent.swift in Sources */,
				CC1F3DF22E580A1400FC027A /* GoogleCalendarConfig.swift in Sources */,
				CC1F3DDC2E58080700FC027A /* Todo.swift in Sources */,
				CC1F3DE62E5809A900FC027A /* GoogleCalendarEvent.swift in Sources */,
				CC9440C02E63905500D64DEF /* PastelTheme.swift in Sources */,
				CC1F3DF62E580A4F00FC027A /* ContentView.swift in Sources */,
				CC1F3DF02E5809FA00FC027A /* GoogleCalendarService.swift in Sources */,
				CCF29A512E5AB63D0036BABD /* Never_ForgetApp.swift in Sources */,
				CCF29A522E5AB63D0036BABD /* CreateEventView.swift in Sources */,
				CCF29A542E5AB63D0036BABD /* CreateTodoView.swift in Sources */,
				CCF29A562E5AB63D0036BABD /* EventDetailView.swift in Sources */,
			);
			runOnlyForDeploymentPostprocessing = 0;
		};
		CC1F3DB82E58076500FC027A /* Sources */ = {
			isa = PBXSourcesBuildPhase;
			buildActionMask = 2147483647;
			files = (
			);
			runOnlyForDeploymentPostprocessing = 0;
		};
		CC1F3DC22E58076500FC027A /* Sources */ = {
			isa = PBXSourcesBuildPhase;
			buildActionMask = 2147483647;
			files = (
			);
			runOnlyForDeploymentPostprocessing = 0;
		};
/* End PBXSourcesBuildPhase section */

/* Begin PBXTargetDependency section */
		CC1F3DBE2E58076500FC027A /* PBXTargetDependency */ = {
			isa = PBXTargetDependency;
			target = CC1F3DAE2E58076400FC027A /* Never Forget */;
			targetProxy = CC1F3DBD2E58076500FC027A /* PBXContainerItemProxy */;
		};
		CC1F3DC82E58076500FC027A /* PBXTargetDependency */ = {
			isa = PBXTargetDependency;
			target = CC1F3DAE2E58076400FC027A /* Never Forget */;
			targetProxy = CC1F3DC72E58076500FC027A /* PBXContainerItemProxy */;
		};
/* End PBXTargetDependency section */

/* Begin XCBuildConfiguration section */
		CC1F3DCE2E58076500FC027A /* Debug */ = {
			isa = XCBuildConfiguration;
			buildSettings = {
				ALWAYS_SEARCH_USER_PATHS = NO;
				ASSETCATALOG_COMPILER_GENERATE_SWIFT_ASSET_SYMBOL_EXTENSIONS = YES;
				CLANG_ANALYZER_NONNULL = YES;
				CLANG_ANALYZER_NUMBER_OBJECT_CONVERSION = YES_AGGRESSIVE;
				CLANG_CXX_LANGUAGE_STANDARD = "gnu++20";
				CLANG_ENABLE_MODULES = YES;
				CLANG_ENABLE_OBJC_ARC = YES;
				CLANG_ENABLE_OBJC_WEAK = YES;
				CLANG_WARN_BLOCK_CAPTURE_AUTORELEASING = YES;
				CLANG_WARN_BOOL_CONVERSION = YES;
				CLANG_WARN_COMMA = YES;
				CLANG_WARN_CONSTANT_CONVERSION = YES;
				CLANG_WARN_DEPRECATED_OBJC_IMPLEMENTATIONS = YES;
				CLANG_WARN_DIRECT_OBJC_ISA_USAGE = YES_ERROR;
				CLANG_WARN_DOCUMENTATION_COMMENTS = YES;
				CLANG_WARN_EMPTY_BODY = YES;
				CLANG_WARN_ENUM_CONVERSION = YES;
				CLANG_WARN_INFINITE_RECURSION = YES;
				CLANG_WARN_INT_CONVERSION = YES;
				CLANG_WARN_NON_LITERAL_NULL_CONVERSION = YES;
				CLANG_WARN_OBJC_IMPLICIT_RETAIN_SELF = YES;
				CLANG_WARN_OBJC_LITERAL_CONVERSION = YES;
				CLANG_WARN_OBJC_ROOT_CLASS = YES_ERROR;
				CLANG_WARN_QUOTED_INCLUDE_IN_FRAMEWORK_HEADER = YES;
				CLANG_WARN_RANGE_LOOP_ANALYSIS = YES;
				CLANG_WARN_STRICT_PROTOTYPES = YES;
				CLANG_WARN_SUSPICIOUS_MOVE = YES;
				CLANG_WARN_UNGUARDED_AVAILABILITY = YES_AGGRESSIVE;
				CLANG_WARN_UNREACHABLE_CODE = YES;
				CLANG_WARN__DUPLICATE_METHOD_MATCH = YES;
				COPY_PHASE_STRIP = NO;
				DEBUG_INFORMATION_FORMAT = dwarf;
				DEVELOPMENT_TEAM = STT3M8T8MQ;
				ENABLE_STRICT_OBJC_MSGSEND = YES;
				ENABLE_TESTABILITY = YES;
				ENABLE_USER_SCRIPT_SANDBOXING = YES;
				GCC_C_LANGUAGE_STANDARD = gnu17;
				GCC_DYNAMIC_NO_PIC = NO;
				GCC_NO_COMMON_BLOCKS = YES;
				GCC_OPTIMIZATION_LEVEL = 0;
				GCC_PREPROCESSOR_DEFINITIONS = (
					"DEBUG=1",
					"$(inherited)",
				);
				GCC_WARN_64_TO_32_BIT_CONVERSION = YES;
				GCC_WARN_ABOUT_RETURN_TYPE = YES_ERROR;
				GCC_WARN_UNDECLARED_SELECTOR = YES;
				GCC_WARN_UNINITIALIZED_AUTOS = YES_AGGRESSIVE;
				GCC_WARN_UNUSED_FUNCTION = YES;
				GCC_WARN_UNUSED_VARIABLE = YES;
				IPHONEOS_DEPLOYMENT_TARGET = 18.5;
				LOCALIZATION_PREFERS_STRING_CATALOGS = YES;
				MTL_ENABLE_DEBUG_INFO = INCLUDE_SOURCE;
				MTL_FAST_MATH = YES;
				ONLY_ACTIVE_ARCH = YES;
				SDKROOT = iphoneos;
				SWIFT_ACTIVE_COMPILATION_CONDITIONS = "DEBUG $(inherited)";
				SWIFT_OPTIMIZATION_LEVEL = "-Onone";
			};
			name = Debug;
		};
		CC1F3DCF2E58076500FC027A /* Release */ = {
			isa = XCBuildConfiguration;
			buildSettings = {
				ALWAYS_SEARCH_USER_PATHS = NO;
				ASSETCATALOG_COMPILER_GENERATE_SWIFT_ASSET_SYMBOL_EXTENSIONS = YES;
				CLANG_ANALYZER_NONNULL = YES;
				CLANG_ANALYZER_NUMBER_OBJECT_CONVERSION = YES_AGGRESSIVE;
				CLANG_CXX_LANGUAGE_STANDARD = "gnu++20";
				CLANG_ENABLE_MODULES = YES;
				CLANG_ENABLE_OBJC_ARC = YES;
				CLANG_ENABLE_OBJC_WEAK = YES;
				CLANG_WARN_BLOCK_CAPTURE_AUTORELEASING = YES;
				CLANG_WARN_BOOL_CONVERSION = YES;
				CLANG_WARN_COMMA = YES;
				CLANG_WARN_CONSTANT_CONVERSION = YES;
				CLANG_WARN_DEPRECATED_OBJC_IMPLEMENTATIONS = YES;
				CLANG_WARN_DIRECT_OBJC_ISA_USAGE = YES_ERROR;
				CLANG_WARN_DOCUMENTATION_COMMENTS = YES;
				CLANG_WARN_EMPTY_BODY = YES;
				CLANG_WARN_ENUM_CONVERSION = YES;
				CLANG_WARN_INFINITE_RECURSION = YES;
				CLANG_WARN_INT_CONVERSION = YES;
				CLANG_WARN_NON_LITERAL_NULL_CONVERSION = YES;
				CLANG_WARN_OBJC_IMPLICIT_RETAIN_SELF = YES;
				CLANG_WARN_OBJC_LITERAL_CONVERSION = YES;
				CLANG_WARN_OBJC_ROOT_CLASS = YES_ERROR;
				CLANG_WARN_QUOTED_INCLUDE_IN_FRAMEWORK_HEADER = YES;
				CLANG_WARN_RANGE_LOOP_ANALYSIS = YES;
				CLANG_WARN_STRICT_PROTOTYPES = YES;
				CLANG_WARN_SUSPICIOUS_MOVE = YES;
				CLANG_WARN_UNGUARDED_AVAILABILITY = YES_AGGRESSIVE;
				CLANG_WARN_UNREACHABLE_CODE = YES;
				CLANG_WARN__DUPLICATE_METHOD_MATCH = YES;
				COPY_PHASE_STRIP = NO;
				DEBUG_INFORMATION_FORMAT = "dwarf-with-dsym";
				DEVELOPMENT_TEAM = STT3M8T8MQ;
				ENABLE_NS_ASSERTIONS = NO;
				ENABLE_STRICT_OBJC_MSGSEND = YES;
				ENABLE_USER_SCRIPT_SANDBOXING = YES;
				GCC_C_LANGUAGE_STANDARD = gnu17;
				GCC_NO_COMMON_BLOCKS = YES;
				GCC_WARN_64_TO_32_BIT_CONVERSION = YES;
				GCC_WARN_ABOUT_RETURN_TYPE = YES_ERROR;
				GCC_WARN_UNDECLARED_SELECTOR = YES;
				GCC_WARN_UNINITIALIZED_AUTOS = YES_AGGRESSIVE;
				GCC_WARN_UNUSED_FUNCTION = YES;
				GCC_WARN_UNUSED_VARIABLE = YES;
				IPHONEOS_DEPLOYMENT_TARGET = 18.5;
				LOCALIZATION_PREFERS_STRING_CATALOGS = YES;
				MTL_ENABLE_DEBUG_INFO = NO;
				MTL_FAST_MATH = YES;
				SDKROOT = iphoneos;
				SWIFT_COMPILATION_MODE = wholemodule;
				VALIDATE_PRODUCT = YES;
			};
			name = Release;
		};
		CC1F3DD12E58076500FC027A /* Debug */ = {
			isa = XCBuildConfiguration;
			buildSettings = {
				ASSETCATALOG_COMPILER_APPICON_NAME = AppIcon;
				ASSETCATALOG_COMPILER_GLOBAL_ACCENT_COLOR_NAME = AccentColor;
				CLANG_ENABLE_MODULES = YES;
				CODE_SIGN_STYLE = Automatic;
				CURRENT_PROJECT_VERSION = 1;
				DEVELOPMENT_TEAM = STT3M8T8MQ;
				ENABLE_PREVIEWS = YES;
				GENERATE_INFOPLIST_FILE = NO;
				INFOPLIST_FILE = Info.plist;
				INFOPLIST_KEY_UIApplicationSceneManifest_Generation = YES;
				INFOPLIST_KEY_UIApplicationSupportsIndirectInputEvents = YES;
				INFOPLIST_KEY_UILaunchScreen_Generation = YES;
				INFOPLIST_KEY_UISupportedInterfaceOrientations_iPad = "UIInterfaceOrientationPortrait UIInterfaceOrientationPortraitUpsideDown UIInterfaceOrientationLandscapeLeft UIInterfaceOrientationLandscapeRight";
				INFOPLIST_KEY_UISupportedInterfaceOrientations_iPhone = "UIInterfaceOrientationPortrait UIInterfaceOrientationLandscapeLeft UIInterfaceOrientationLandscapeRight";
				LD_RUNPATH_SEARCH_PATHS = (
					"$(inherited)",
					"@executable_path/Frameworks",
				);
				MARKETING_VERSION = 1.0;
				PRODUCT_BUNDLE_IDENTIFIER = com.tomascora.neverforgettasks;
				PRODUCT_NAME = "$(TARGET_NAME)";
				SWIFT_EMIT_LOC_STRINGS = YES;
				SWIFT_OPTIMIZATION_LEVEL = "-Onone";
				SWIFT_VERSION = 5.0;
				TARGETED_DEVICE_FAMILY = "1,2";
			};
			name = Debug;
		};
		CC1F3DD22E58076500FC027A /* Release */ = {
			isa = XCBuildConfiguration;
			buildSettings = {
				ASSETCATALOG_COMPILER_APPICON_NAME = AppIcon;
				ASSETCATALOG_COMPILER_GLOBAL_ACCENT_COLOR_NAME = AccentColor;
				CLANG_ENABLE_MODULES = YES;
				CODE_SIGN_STYLE = Automatic;
				CURRENT_PROJECT_VERSION = 1;
				DEVELOPMENT_TEAM = STT3M8T8MQ;
				ENABLE_PREVIEWS = YES;
				GENERATE_INFOPLIST_FILE = NO;
				INFOPLIST_FILE = Info.plist;
				INFOPLIST_KEY_UIApplicationSceneManifest_Generation = YES;
				INFOPLIST_KEY_UIApplicationSupportsIndirectInputEvents = YES;
				INFOPLIST_KEY_UILaunchScreen_Generation = YES;
				INFOPLIST_KEY_UISupportedInterfaceOrientations_iPad = "UIInterfaceOrientationPortrait UIInterfaceOrientationPortraitUpsideDown UIInterfaceOrientationLandscapeLeft UIInterfaceOrientationLandscapeRight";
				INFOPLIST_KEY_UISupportedInterfaceOrientations_iPhone = "UIInterfaceOrientationPortrait UIInterfaceOrientationLandscapeLeft UIInterfaceOrientationLandscapeRight";
				LD_RUNPATH_SEARCH_PATHS = (
					"$(inherited)",
					"@executable_path/Frameworks",
				);
				MARKETING_VERSION = 1.0;
				PRODUCT_BUNDLE_IDENTIFIER = com.tomascora.neverforgettasks;
				PRODUCT_NAME = "$(TARGET_NAME)";
				SWIFT_EMIT_LOC_STRINGS = YES;
				SWIFT_VERSION = 5.0;
				TARGETED_DEVICE_FAMILY = "1,2";
			};
			name = Release;
		};
		CC1F3DD42E58076500FC027A /* Debug */ = {
			isa = XCBuildConfiguration;
			buildSettings = {
				BUNDLE_LOADER = "$(TEST_HOST)";
				CODE_SIGN_STYLE = Automatic;
				CURRENT_PROJECT_VERSION = 1;
				DEVELOPMENT_TEAM = STT3M8T8MQ;
				GENERATE_INFOPLIST_FILE = YES;
				IPHONEOS_DEPLOYMENT_TARGET = 18.5;
				MARKETING_VERSION = 1.0;
				PRODUCT_BUNDLE_IDENTIFIER = com.tomascora.neverforgettasksTests;
				PRODUCT_NAME = "$(TARGET_NAME)";
				SWIFT_EMIT_LOC_STRINGS = NO;
				SWIFT_VERSION = 5.0;
				TARGETED_DEVICE_FAMILY = "1,2";
				TEST_HOST = "$(BUILT_PRODUCTS_DIR)/Never Forget.app/$(BUNDLE_EXECUTABLE_FOLDER_PATH)/Never Forget";
			};
			name = Debug;
		};
		CC1F3DD52E58076500FC027A /* Release */ = {
			isa = XCBuildConfiguration;
			buildSettings = {
				BUNDLE_LOADER = "$(TEST_HOST)";
				CODE_SIGN_STYLE = Automatic;
				CURRENT_PROJECT_VERSION = 1;
				DEVELOPMENT_TEAM = STT3M8T8MQ;
				GENERATE_INFOPLIST_FILE = YES;
				IPHONEOS_DEPLOYMENT_TARGET = 18.5;
				MARKETING_VERSION = 1.0;
				PRODUCT_BUNDLE_IDENTIFIER = com.tomascora.neverforgettasksTests;
				PRODUCT_NAME = "$(TARGET_NAME)";
				SWIFT_EMIT_LOC_STRINGS = NO;
				SWIFT_VERSION = 5.0;
				TARGETED_DEVICE_FAMILY = "1,2";
				TEST_HOST = "$(BUILT_PRODUCTS_DIR)/Never Forget.app/$(BUNDLE_EXECUTABLE_FOLDER_PATH)/Never Forget";
			};
			name = Release;
		};
		CC1F3DD72E58076500FC027A /* Debug */ = {
			isa = XCBuildConfiguration;
			buildSettings = {
				CODE_SIGN_STYLE = Automatic;
				CURRENT_PROJECT_VERSION = 1;
				DEVELOPMENT_TEAM = STT3M8T8MQ;
				GENERATE_INFOPLIST_FILE = YES;
				MARKETING_VERSION = 1.0;
				PRODUCT_BUNDLE_IDENTIFIER = com.tomascora.neverforgettasksTests;
				PRODUCT_NAME = "$(TARGET_NAME)";
				SWIFT_EMIT_LOC_STRINGS = NO;
				SWIFT_VERSION = 5.0;
				TARGETED_DEVICE_FAMILY = "1,2";
				TEST_TARGET_NAME = "Never Forget";
			};
			name = Debug;
		};
		CC1F3DD82E58076500FC027A /* Release */ = {
			isa = XCBuildConfiguration;
			buildSettings = {
				CODE_SIGN_STYLE = Automatic;
				CURRENT_PROJECT_VERSION = 1;
				DEVELOPMENT_TEAM = STT3M8T8MQ;
				GENERATE_INFOPLIST_FILE = YES;
				MARKETING_VERSION = 1.0;
				PRODUCT_BUNDLE_IDENTIFIER = com.tomascora.neverforgettasksTests;
				PRODUCT_NAME = "$(TARGET_NAME)";
				SWIFT_EMIT_LOC_STRINGS = NO;
				SWIFT_VERSION = 5.0;
				TARGETED_DEVICE_FAMILY = "1,2";
				TEST_TARGET_NAME = "Never Forget";
			};
			name = Release;
		};
/* End XCBuildConfiguration section */

/* Begin XCConfigurationList section */
		CC1F3DAA2E58076400FC027A /* Build configuration list for PBXProject "Never Forget" */ = {
			isa = XCConfigurationList;
			buildConfigurations = (
				CC1F3DCE2E58076500FC027A /* Debug */,
				CC1F3DCF2E58076500FC027A /* Release */,
			);
			defaultConfigurationIsVisible = 0;
			defaultConfigurationName = Release;
		};
		CC1F3DD02E58076500FC027A /* Build configuration list for PBXNativeTarget "Never Forget" */ = {
			isa = XCConfigurationList;
			buildConfigurations = (
				CC1F3DD12E58076500FC027A /* Debug */,
				CC1F3DD22E58076500FC027A /* Release */,
			);
			defaultConfigurationIsVisible = 0;
			defaultConfigurationName = Release;
		};
		CC1F3DD32E58076500FC027A /* Build configuration list for PBXNativeTarget "Never ForgetTests" */ = {
			isa = XCConfigurationList;
			buildConfigurations = (
				CC1F3DD42E58076500FC027A /* Debug */,
				CC1F3DD52E58076500FC027A /* Release */,
			);
			defaultConfigurationIsVisible = 0;
			defaultConfigurationName = Release;
		};
		CC1F3DD62E58076500FC027A /* Build configuration list for PBXNativeTarget "Never ForgetUITests" */ = {
			isa = XCConfigurationList;
			buildConfigurations = (
				CC1F3DD72E58076500FC027A /* Debug */,
				CC1F3DD82E58076500FC027A /* Release */,
			);
			defaultConfigurationIsVisible = 0;
			defaultConfigurationName = Release;
		};
/* End XCConfigurationList section */

/* Begin XCRemoteSwiftPackageReference section */
		CC1F3DF72E580BC700FC027A /* XCRemoteSwiftPackageReference "GoogleSignIn-iOS" */ = {
			isa = XCRemoteSwiftPackageReference;
			repositoryURL = "https://github.com/google/GoogleSignIn-iOS";
			requirement = {
				kind = upToNextMajorVersion;
				minimumVersion = 9.0.0;
			};
		};
		CC5D15622E596D52007168FF /* XCRemoteSwiftPackageReference "google-api-objectivec-client-for-rest" */ = {
			isa = XCRemoteSwiftPackageReference;
			repositoryURL = "https://github.com/google/google-api-objectivec-client-for-rest";
			requirement = {
				branch = main;
				kind = branch;
			};
		};
/* End XCRemoteSwiftPackageReference section */

/* Begin XCSwiftPackageProductDependency section */
		CC1F3DF82E580BC700FC027A /* GoogleSignIn */ = {
			isa = XCSwiftPackageProductDependency;
			package = CC1F3DF72E580BC700FC027A /* XCRemoteSwiftPackageReference "GoogleSignIn-iOS" */;
			productName = GoogleSignIn;
		};
		CC1F3DFA2E580BC700FC027A /* GoogleSignInSwift */ = {
			isa = XCSwiftPackageProductDependency;
			package = CC1F3DF72E580BC700FC027A /* XCRemoteSwiftPackageReference "GoogleSignIn-iOS" */;
			productName = GoogleSignInSwift;
		};
		CC5D15632E596D52007168FF /* GoogleAPIClientForRESTCore */ = {
			isa = XCSwiftPackageProductDependency;
			package = CC5D15622E596D52007168FF /* XCRemoteSwiftPackageReference "google-api-objectivec-client-for-rest" */;
			productName = GoogleAPIClientForRESTCore;
		};
		CC5D15652E596D52007168FF /* GoogleAPIClientForREST_ACMEDNS */ = {
			isa = XCSwiftPackageProductDependency;
			package = CC5D15622E596D52007168FF /* XCRemoteSwiftPackageReference "google-api-objectivec-client-for-rest" */;
			productName = GoogleAPIClientForREST_ACMEDNS;
		};
		CC5D15672E596D52007168FF /* GoogleAPIClientForREST_AIPlatformNotebooks */ = {
			isa = XCSwiftPackageProductDependency;
			package = CC5D15622E596D52007168FF /* XCRemoteSwiftPackageReference "google-api-objectivec-client-for-rest" */;
			productName = GoogleAPIClientForREST_AIPlatformNotebooks;
		};
		CC5D15692E596D52007168FF /* GoogleAPIClientForREST_APIGateway */ = {
			isa = XCSwiftPackageProductDependency;
			package = CC5D15622E596D52007168FF /* XCRemoteSwiftPackageReference "google-api-objectivec-client-for-rest" */;
			productName = GoogleAPIClientForREST_APIGateway;
		};
		CC5D156B2E596D52007168FF /* GoogleAPIClientForREST_APIManagement */ = {
			isa = XCSwiftPackageProductDependency;
			package = CC5D15622E596D52007168FF /* XCRemoteSwiftPackageReference "google-api-objectivec-client-for-rest" */;
			productName = GoogleAPIClientForREST_APIManagement;
		};
		CC5D156D2E596D52007168FF /* GoogleAPIClientForREST_APIhub */ = {
			isa = XCSwiftPackageProductDependency;
			package = CC5D15622E596D52007168FF /* XCRemoteSwiftPackageReference "google-api-objectivec-client-for-rest" */;
			productName = GoogleAPIClientForREST_APIhub;
		};
		CC5D156F2E596D52007168FF /* GoogleAPIClientForREST_AbusiveExperienceReport */ = {
			isa = XCSwiftPackageProductDependency;
			package = CC5D15622E596D52007168FF /* XCRemoteSwiftPackageReference "google-api-objectivec-client-for-rest" */;
			productName = GoogleAPIClientForREST_AbusiveExperienceReport;
		};
		CC5D15712E596D52007168FF /* GoogleAPIClientForREST_Acceleratedmobilepageurl */ = {
			isa = XCSwiftPackageProductDependency;
			package = CC5D15622E596D52007168FF /* XCRemoteSwiftPackageReference "google-api-objectivec-client-for-rest" */;
			productName = GoogleAPIClientForREST_Acceleratedmobilepageurl;
		};
		CC5D15732E596D52007168FF /* GoogleAPIClientForREST_AccessApproval */ = {
			isa = XCSwiftPackageProductDependency;
			package = CC5D15622E596D52007168FF /* XCRemoteSwiftPackageReference "google-api-objectivec-client-for-rest" */;
			productName = GoogleAPIClientForREST_AccessApproval;
		};
		CC5D15752E596D52007168FF /* GoogleAPIClientForREST_Calendar */ = {
			isa = XCSwiftPackageProductDependency;
			package = CC5D15622E596D52007168FF /* XCRemoteSwiftPackageReference "google-api-objectivec-client-for-rest" */;
			productName = GoogleAPIClientForREST_Calendar;
		};
/* End XCSwiftPackageProductDependency section */
	};
	rootObject = CC1F3DA72E58076400FC027A /* Project object */;
}
